
Microsoft Visual Studio Solution File, Format Version 12.00
# Visual Studio Version 17
VisualStudioVersion = 17.5.33530.505
MinimumVisualStudioVersion = 10.0.40219.1
Project("{FAE04EC0-301F-11D3-BF4B-00C04F79EFBC}") = "learn-csharp", "learn-csharp\learn-csharp.csproj", "{0EB842C1-9BE8-46EC-B1CE-B5428C63065B}"
EndProject
Global
	GlobalSection(SolutionConfigurationPlatforms) = preSolution
		Debug|Any CPU = Debug|Any CPU
		Release|Any CPU = Release|Any CPU
	EndGlobalSection
	GlobalSection(ProjectConfigurationPlatforms) = postSolution
		{0EB842C1-9BE8-46EC-B1CE-B5428C63065B}.Debug|Any CPU.ActiveCfg = Debug|Any CPU
		{0EB842C1-9BE8-46EC-B1CE-B5428C63065B}.Debug|Any CPU.Build.0 = Debug|Any CPU
		{0EB842C1-9BE8-46EC-B1CE-B5428C63065B}.Release|Any CPU.ActiveCfg = Release|Any CPU
		{0EB842C1-9BE8-46EC-B1CE-B5428C63065B}.Release|Any CPU.Build.0 = Release|Any CPU
	EndGlobalSection
	GlobalSection(SolutionProperties) = preSolution
		HideSolutionNode = FALSE
	EndGlobalSection
	GlobalSection(ExtensibilityGlobals) = postSolution
		SolutionGuid = {382C993E-FD39-46F3-9854-81E2B839A6DF}
	EndGlobalSection
EndGlobal
